// !$*UTF8*$!
{
	archiveVersion = 1;
	classes = {
	};
	objectVersion = 46;
	objects = {

/* Begin PBXBuildFile section */
		146DB4B75AAC2218E7E62EA3 /* libPods-MBTA-RZImport.a in Frameworks */ = {isa = PBXBuildFile; fileRef = 1442565DB20A51B43B0E7105 /* libPods-MBTA-RZImport.a */; };
		8E2EFBDC1A8015E200675A11 /* ApiTimeRequest.m in Sources */ = {isa = PBXBuildFile; fileRef = 8EFBEB351A61DAD200C55B5A /* ApiTimeRequest.m */; };
		8E2EFBDD1A8015F000675A11 /* ApiRoutesRequests.m in Sources */ = {isa = PBXBuildFile; fileRef = 8EE864F41A6303B5001D3871 /* ApiRoutesRequests.m */; };
		8E2EFBDE1A80160000675A11 /* ApiRequest.m in Sources */ = {isa = PBXBuildFile; fileRef = 8EFBEB321A61DA3300C55B5A /* ApiRequest.m */; };
		8E3593B01A8042E800F8704B /* ApiStopsRequests.m in Sources */ = {isa = PBXBuildFile; fileRef = 8E3593AF1A8042E800F8704B /* ApiStopsRequests.m */; };
		8E4BD7261A61AB1300B51B0B /* Foundation.framework in Frameworks */ = {isa = PBXBuildFile; fileRef = 8E4BD7251A61AB1300B51B0B /* Foundation.framework */; };
		8E4BD7281A61AB1300B51B0B /* CoreGraphics.framework in Frameworks */ = {isa = PBXBuildFile; fileRef = 8E4BD7271A61AB1300B51B0B /* CoreGraphics.framework */; };
		8E4BD72A1A61AB1300B51B0B /* UIKit.framework in Frameworks */ = {isa = PBXBuildFile; fileRef = 8E4BD7291A61AB1300B51B0B /* UIKit.framework */; };
		8E4BD7301A61AB1300B51B0B /* InfoPlist.strings in Resources */ = {isa = PBXBuildFile; fileRef = 8E4BD72E1A61AB1300B51B0B /* InfoPlist.strings */; };
		8E4BD7321A61AB1300B51B0B /* main.m in Sources */ = {isa = PBXBuildFile; fileRef = 8E4BD7311A61AB1300B51B0B /* main.m */; };
		8E4BD7361A61AB1300B51B0B /* AppDelegate.m in Sources */ = {isa = PBXBuildFile; fileRef = 8E4BD7351A61AB1300B51B0B /* AppDelegate.m */; };
		8E4BD7391A61AB1300B51B0B /* Main.storyboard in Resources */ = {isa = PBXBuildFile; fileRef = 8E4BD7371A61AB1300B51B0B /* Main.storyboard */; };
		8E4BD73C1A61AB1300B51B0B /* MasterViewController.m in Sources */ = {isa = PBXBuildFile; fileRef = 8E4BD73B1A61AB1300B51B0B /* MasterViewController.m */; };
		8E4BD73F1A61AB1300B51B0B /* DetailViewController.m in Sources */ = {isa = PBXBuildFile; fileRef = 8E4BD73E1A61AB1300B51B0B /* DetailViewController.m */; };
		8E4BD7411A61AB1300B51B0B /* Images.xcassets in Resources */ = {isa = PBXBuildFile; fileRef = 8E4BD7401A61AB1300B51B0B /* Images.xcassets */; };
		8E4BD7481A61AB1300B51B0B /* XCTest.framework in Frameworks */ = {isa = PBXBuildFile; fileRef = 8E4BD7471A61AB1300B51B0B /* XCTest.framework */; };
		8E4BD7491A61AB1300B51B0B /* Foundation.framework in Frameworks */ = {isa = PBXBuildFile; fileRef = 8E4BD7251A61AB1300B51B0B /* Foundation.framework */; };
		8E4BD74A1A61AB1300B51B0B /* UIKit.framework in Frameworks */ = {isa = PBXBuildFile; fileRef = 8E4BD7291A61AB1300B51B0B /* UIKit.framework */; };
		8E4BD7521A61AB1300B51B0B /* InfoPlist.strings in Resources */ = {isa = PBXBuildFile; fileRef = 8E4BD7501A61AB1300B51B0B /* InfoPlist.strings */; };
		8E4BD7541A61AB1300B51B0B /* MBTA_RZImportTests.m in Sources */ = {isa = PBXBuildFile; fileRef = 8E4BD7531A61AB1300B51B0B /* MBTA_RZImportTests.m */; };
		8E57D7A41A854D40002F0C6D /* AFJSONResponseSerializerWithData.m in Sources */ = {isa = PBXBuildFile; fileRef = 8E57D7A31A854D40002F0C6D /* AFJSONResponseSerializerWithData.m */; };
		8E57D7A71A857A2B002F0C6D /* AFXMLParserResponseSerializerWithData.m in Sources */ = {isa = PBXBuildFile; fileRef = 8E57D7A61A857A2B002F0C6D /* AFXMLParserResponseSerializerWithData.m */; };
		8E6263CF1EB2830E00B374F4 /* Debug_ObjC.m in Sources */ = {isa = PBXBuildFile; fileRef = 8E6263CE1EB2830E00B374F4 /* Debug_ObjC.m */; };
		8E9D5EC41A747B090074281A /* Debug_iOS.m in Sources */ = {isa = PBXBuildFile; fileRef = 8E9D5E841A747B090074281A /* Debug_iOS.m */; };
		8E9D5EC51A747B090074281A /* Debug_JSON.m in Sources */ = {isa = PBXBuildFile; fileRef = 8E9D5E861A747B090074281A /* Debug_JSON.m */; };
		8EA387051A7DDC90001F010E /* ApiXMLParserDelegate.m in Sources */ = {isa = PBXBuildFile; fileRef = 8EA387041A7DDC90001F010E /* ApiXMLParserDelegate.m */; };
		8EBDE8111A61C861007D37E7 /* ApiData.m in Sources */ = {isa = PBXBuildFile; fileRef = 8EBDE8041A61C861007D37E7 /* ApiData.m */; };
		8EBDE8121A61C861007D37E7 /* ApiRoutes.m in Sources */ = {isa = PBXBuildFile; fileRef = 8EBDE8061A61C861007D37E7 /* ApiRoutes.m */; };
		8EBDE8131A61C861007D37E7 /* ApiStops.m in Sources */ = {isa = PBXBuildFile; fileRef = 8EBDE8081A61C861007D37E7 /* ApiStops.m */; };
		8EBDE8141A61C861007D37E7 /* ApiTime.m in Sources */ = {isa = PBXBuildFile; fileRef = 8EBDE80A1A61C861007D37E7 /* ApiTime.m */; };
		8EBDE8151A61C861007D37E7 /* ServiceMBTA.m in Sources */ = {isa = PBXBuildFile; fileRef = 8EBDE80D1A61C861007D37E7 /* ServiceMBTA.m */; };
		8EBDE8161A61C861007D37E7 /* ServiceMBTA_strings.m in Sources */ = {isa = PBXBuildFile; fileRef = 8EBDE8101A61C861007D37E7 /* ServiceMBTA_strings.m */; };
		8EFBEB2A1A61CD6500C55B5A /* RequestClient.m in Sources */ = {isa = PBXBuildFile; fileRef = 8EFBEB291A61CD6500C55B5A /* RequestClient.m */; };
		8EFBEB2F1A61D7C000C55B5A /* EXTScope.m in Sources */ = {isa = PBXBuildFile; fileRef = 8EFBEB2D1A61D7C000C55B5A /* EXTScope.m */; };
		BA3311DC1C101913B65EBF41 /* libPods-MBTA-RZImportTests.a in Frameworks */ = {isa = PBXBuildFile; fileRef = FD3EF6CADF9477001ECDC78C /* libPods-MBTA-RZImportTests.a */; };
/* End PBXBuildFile section */

/* Begin PBXContainerItemProxy section */
		8E4BD74B1A61AB1300B51B0B /* PBXContainerItemProxy */ = {
			isa = PBXContainerItemProxy;
			containerPortal = 8E4BD71A1A61AB1300B51B0B /* Project object */;
			proxyType = 1;
			remoteGlobalIDString = 8E4BD7211A61AB1300B51B0B;
			remoteInfo = "MBTA-RZImport";
		};
/* End PBXContainerItemProxy section */

/* Begin PBXFileReference section */
		1442565DB20A51B43B0E7105 /* libPods-MBTA-RZImport.a */ = {isa = PBXFileReference; explicitFileType = archive.ar; includeInIndex = 0; path = "libPods-MBTA-RZImport.a"; sourceTree = BUILT_PRODUCTS_DIR; };
		50464A2DA2CD9C80E32ED355 /* Pods-MBTA-RZImport.debug.xcconfig */ = {isa = PBXFileReference; includeInIndex = 1; lastKnownFileType = text.xcconfig; name = "Pods-MBTA-RZImport.debug.xcconfig"; path = "Pods/Target Support Files/Pods-MBTA-RZImport/Pods-MBTA-RZImport.debug.xcconfig"; sourceTree = "<group>"; };
		6D439A3C077BED20D8C23A66 /* Pods-MBTA-RZImport.release.xcconfig */ = {isa = PBXFileReference; includeInIndex = 1; lastKnownFileType = text.xcconfig; name = "Pods-MBTA-RZImport.release.xcconfig"; path = "Pods/Target Support Files/Pods-MBTA-RZImport/Pods-MBTA-RZImport.release.xcconfig"; sourceTree = "<group>"; };
		8E3593AE1A8042E800F8704B /* ApiStopsRequests.h */ = {isa = PBXFileReference; fileEncoding = 4; lastKnownFileType = sourcecode.c.h; name = ApiStopsRequests.h; path = Requests/ApiStopsRequests.h; sourceTree = "<group>"; };
		8E3593AF1A8042E800F8704B /* ApiStopsRequests.m */ = {isa = PBXFileReference; fileEncoding = 4; lastKnownFileType = sourcecode.c.objc; name = ApiStopsRequests.m; path = Requests/ApiStopsRequests.m; sourceTree = "<group>"; };
		8E4BD7221A61AB1300B51B0B /* MBTA-RZImport.app */ = {isa = PBXFileReference; explicitFileType = wrapper.application; includeInIndex = 0; path = "MBTA-RZImport.app"; sourceTree = BUILT_PRODUCTS_DIR; };
		8E4BD7251A61AB1300B51B0B /* Foundation.framework */ = {isa = PBXFileReference; lastKnownFileType = wrapper.framework; name = Foundation.framework; path = System/Library/Frameworks/Foundation.framework; sourceTree = SDKROOT; };
		8E4BD7271A61AB1300B51B0B /* CoreGraphics.framework */ = {isa = PBXFileReference; lastKnownFileType = wrapper.framework; name = CoreGraphics.framework; path = System/Library/Frameworks/CoreGraphics.framework; sourceTree = SDKROOT; };
		8E4BD7291A61AB1300B51B0B /* UIKit.framework */ = {isa = PBXFileReference; lastKnownFileType = wrapper.framework; name = UIKit.framework; path = System/Library/Frameworks/UIKit.framework; sourceTree = SDKROOT; };
		8E4BD72D1A61AB1300B51B0B /* MBTA-RZImport-Info.plist */ = {isa = PBXFileReference; lastKnownFileType = text.plist.xml; path = "MBTA-RZImport-Info.plist"; sourceTree = "<group>"; };
		8E4BD72F1A61AB1300B51B0B /* en */ = {isa = PBXFileReference; lastKnownFileType = text.plist.strings; name = en; path = en.lproj/InfoPlist.strings; sourceTree = "<group>"; };
		8E4BD7311A61AB1300B51B0B /* main.m */ = {isa = PBXFileReference; lastKnownFileType = sourcecode.c.objc; path = main.m; sourceTree = "<group>"; };
		8E4BD7331A61AB1300B51B0B /* MBTA-RZImport-Prefix.pch */ = {isa = PBXFileReference; lastKnownFileType = sourcecode.c.h; path = "MBTA-RZImport-Prefix.pch"; sourceTree = "<group>"; };
		8E4BD7341A61AB1300B51B0B /* AppDelegate.h */ = {isa = PBXFileReference; lastKnownFileType = sourcecode.c.h; path = AppDelegate.h; sourceTree = "<group>"; };
		8E4BD7351A61AB1300B51B0B /* AppDelegate.m */ = {isa = PBXFileReference; lastKnownFileType = sourcecode.c.objc; path = AppDelegate.m; sourceTree = "<group>"; };
		8E4BD7381A61AB1300B51B0B /* Base */ = {isa = PBXFileReference; lastKnownFileType = file.storyboard; name = Base; path = Base.lproj/Main.storyboard; sourceTree = "<group>"; };
		8E4BD73A1A61AB1300B51B0B /* MasterViewController.h */ = {isa = PBXFileReference; lastKnownFileType = sourcecode.c.h; path = MasterViewController.h; sourceTree = "<group>"; };
		8E4BD73B1A61AB1300B51B0B /* MasterViewController.m */ = {isa = PBXFileReference; lastKnownFileType = sourcecode.c.objc; path = MasterViewController.m; sourceTree = "<group>"; };
		8E4BD73D1A61AB1300B51B0B /* DetailViewController.h */ = {isa = PBXFileReference; lastKnownFileType = sourcecode.c.h; path = DetailViewController.h; sourceTree = "<group>"; };
		8E4BD73E1A61AB1300B51B0B /* DetailViewController.m */ = {isa = PBXFileReference; lastKnownFileType = sourcecode.c.objc; path = DetailViewController.m; sourceTree = "<group>"; };
		8E4BD7401A61AB1300B51B0B /* Images.xcassets */ = {isa = PBXFileReference; lastKnownFileType = folder.assetcatalog; path = Images.xcassets; sourceTree = "<group>"; };
		8E4BD7461A61AB1300B51B0B /* MBTA-RZImportTests.xctest */ = {isa = PBXFileReference; explicitFileType = wrapper.cfbundle; includeInIndex = 0; path = "MBTA-RZImportTests.xctest"; sourceTree = BUILT_PRODUCTS_DIR; };
		8E4BD7471A61AB1300B51B0B /* XCTest.framework */ = {isa = PBXFileReference; lastKnownFileType = wrapper.framework; name = XCTest.framework; path = Library/Frameworks/XCTest.framework; sourceTree = DEVELOPER_DIR; };
		8E4BD74F1A61AB1300B51B0B /* MBTA-RZImportTests-Info.plist */ = {isa = PBXFileReference; lastKnownFileType = text.plist.xml; path = "MBTA-RZImportTests-Info.plist"; sourceTree = "<group>"; };
		8E4BD7511A61AB1300B51B0B /* en */ = {isa = PBXFileReference; lastKnownFileType = text.plist.strings; name = en; path = en.lproj/InfoPlist.strings; sourceTree = "<group>"; };
		8E4BD7531A61AB1300B51B0B /* MBTA_RZImportTests.m */ = {isa = PBXFileReference; lastKnownFileType = sourcecode.c.objc; path = MBTA_RZImportTests.m; sourceTree = "<group>"; };
		8E57D7A21A854D40002F0C6D /* AFJSONResponseSerializerWithData.h */ = {isa = PBXFileReference; fileEncoding = 4; lastKnownFileType = sourcecode.c.h; path = AFJSONResponseSerializerWithData.h; sourceTree = "<group>"; };
		8E57D7A31A854D40002F0C6D /* AFJSONResponseSerializerWithData.m */ = {isa = PBXFileReference; fileEncoding = 4; lastKnownFileType = sourcecode.c.objc; path = AFJSONResponseSerializerWithData.m; sourceTree = "<group>"; };
		8E57D7A51A857A2B002F0C6D /* AFXMLParserResponseSerializerWithData.h */ = {isa = PBXFileReference; fileEncoding = 4; lastKnownFileType = sourcecode.c.h; path = AFXMLParserResponseSerializerWithData.h; sourceTree = "<group>"; };
		8E57D7A61A857A2B002F0C6D /* AFXMLParserResponseSerializerWithData.m */ = {isa = PBXFileReference; fileEncoding = 4; lastKnownFileType = sourcecode.c.objc; path = AFXMLParserResponseSerializerWithData.m; sourceTree = "<group>"; };
		8E6263CD1EB2830E00B374F4 /* Debug_ObjC.h */ = {isa = PBXFileReference; fileEncoding = 4; lastKnownFileType = sourcecode.c.h; path = Debug_ObjC.h; sourceTree = "<group>"; };
		8E6263CE1EB2830E00B374F4 /* Debug_ObjC.m */ = {isa = PBXFileReference; fileEncoding = 4; lastKnownFileType = sourcecode.c.objc; path = Debug_ObjC.m; sourceTree = "<group>"; };
		8E9D5E831A747B090074281A /* Debug_iOS.h */ = {isa = PBXFileReference; fileEncoding = 4; lastKnownFileType = sourcecode.c.h; path = Debug_iOS.h; sourceTree = "<group>"; };
		8E9D5E841A747B090074281A /* Debug_iOS.m */ = {isa = PBXFileReference; fileEncoding = 4; lastKnownFileType = sourcecode.c.objc; path = Debug_iOS.m; sourceTree = "<group>"; };
		8E9D5E851A747B090074281A /* Debug_JSON.h */ = {isa = PBXFileReference; fileEncoding = 4; lastKnownFileType = sourcecode.c.h; path = Debug_JSON.h; sourceTree = "<group>"; };
		8E9D5E861A747B090074281A /* Debug_JSON.m */ = {isa = PBXFileReference; fileEncoding = 4; lastKnownFileType = sourcecode.c.objc; path = Debug_JSON.m; sourceTree = "<group>"; };
		8E9D5EBF1A747B090074281A /* LICENSE */ = {isa = PBXFileReference; fileEncoding = 4; lastKnownFileType = text; path = LICENSE; sourceTree = "<group>"; };
		8E9D5EC01A747B090074281A /* README.md */ = {isa = PBXFileReference; fileEncoding = 4; lastKnownFileType = net.daringfireball.markdown; path = README.md; sourceTree = "<group>"; };
		8EA387031A7DDC90001F010E /* ApiXMLParserDelegate.h */ = {isa = PBXFileReference; fileEncoding = 4; lastKnownFileType = sourcecode.c.h; path = ApiXMLParserDelegate.h; sourceTree = "<group>"; };
		8EA387041A7DDC90001F010E /* ApiXMLParserDelegate.m */ = {isa = PBXFileReference; fileEncoding = 4; lastKnownFileType = sourcecode.c.objc; path = ApiXMLParserDelegate.m; sourceTree = "<group>"; };
		8EA7A7E61A8852120024027D /* LICENSE */ = {isa = PBXFileReference; lastKnownFileType = text; path = LICENSE; sourceTree = "<group>"; };
		8EBDE8031A61C861007D37E7 /* ApiData.h */ = {isa = PBXFileReference; fileEncoding = 4; lastKnownFileType = sourcecode.c.h; path = ApiData.h; sourceTree = "<group>"; };
		8EBDE8041A61C861007D37E7 /* ApiData.m */ = {isa = PBXFileReference; fileEncoding = 4; lastKnownFileType = sourcecode.c.objc; path = ApiData.m; sourceTree = "<group>"; };
		8EBDE8051A61C861007D37E7 /* ApiRoutes.h */ = {isa = PBXFileReference; fileEncoding = 4; lastKnownFileType = sourcecode.c.h; path = ApiRoutes.h; sourceTree = "<group>"; };
		8EBDE8061A61C861007D37E7 /* ApiRoutes.m */ = {isa = PBXFileReference; fileEncoding = 4; lastKnownFileType = sourcecode.c.objc; path = ApiRoutes.m; sourceTree = "<group>"; };
		8EBDE8071A61C861007D37E7 /* ApiStops.h */ = {isa = PBXFileReference; fileEncoding = 4; lastKnownFileType = sourcecode.c.h; path = ApiStops.h; sourceTree = "<group>"; };
		8EBDE8081A61C861007D37E7 /* ApiStops.m */ = {isa = PBXFileReference; fileEncoding = 4; lastKnownFileType = sourcecode.c.objc; path = ApiStops.m; sourceTree = "<group>"; };
		8EBDE8091A61C861007D37E7 /* ApiTime.h */ = {isa = PBXFileReference; fileEncoding = 4; lastKnownFileType = sourcecode.c.h; path = ApiTime.h; sourceTree = "<group>"; };
		8EBDE80A1A61C861007D37E7 /* ApiTime.m */ = {isa = PBXFileReference; fileEncoding = 4; lastKnownFileType = sourcecode.c.objc; path = ApiTime.m; sourceTree = "<group>"; };
		8EBDE80C1A61C861007D37E7 /* ServiceMBTA.h */ = {isa = PBXFileReference; fileEncoding = 4; lastKnownFileType = sourcecode.c.h; path = ServiceMBTA.h; sourceTree = "<group>"; };
		8EBDE80D1A61C861007D37E7 /* ServiceMBTA.m */ = {isa = PBXFileReference; fileEncoding = 4; lastKnownFileType = sourcecode.c.objc; path = ServiceMBTA.m; sourceTree = "<group>"; };
		8EBDE80F1A61C861007D37E7 /* ServiceMBTA_strings.h */ = {isa = PBXFileReference; fileEncoding = 4; lastKnownFileType = sourcecode.c.h; path = ServiceMBTA_strings.h; sourceTree = "<group>"; };
		8EBDE8101A61C861007D37E7 /* ServiceMBTA_strings.m */ = {isa = PBXFileReference; fileEncoding = 4; lastKnownFileType = sourcecode.c.objc; path = ServiceMBTA_strings.m; sourceTree = "<group>"; };
		8EC347271A883B3600DF0323 /* README.md */ = {isa = PBXFileReference; lastKnownFileType = net.daringfireball.markdown; path = README.md; sourceTree = "<group>"; };
		8EE864F31A6303B5001D3871 /* ApiRoutesRequests.h */ = {isa = PBXFileReference; fileEncoding = 4; lastKnownFileType = sourcecode.c.h; name = ApiRoutesRequests.h; path = Requests/ApiRoutesRequests.h; sourceTree = "<group>"; };
		8EE864F41A6303B5001D3871 /* ApiRoutesRequests.m */ = {isa = PBXFileReference; fileEncoding = 4; lastKnownFileType = sourcecode.c.objc; name = ApiRoutesRequests.m; path = Requests/ApiRoutesRequests.m; sourceTree = "<group>"; };
		8EFBEB281A61CD6500C55B5A /* RequestClient.h */ = {isa = PBXFileReference; fileEncoding = 4; lastKnownFileType = sourcecode.c.h; name = RequestClient.h; path = Client/RequestClient.h; sourceTree = "<group>"; };
		8EFBEB291A61CD6500C55B5A /* RequestClient.m */ = {isa = PBXFileReference; fileEncoding = 4; lastKnownFileType = sourcecode.c.objc; name = RequestClient.m; path = Client/RequestClient.m; sourceTree = "<group>"; };
		8EFBEB2C1A61D7C000C55B5A /* EXTScope.h */ = {isa = PBXFileReference; fileEncoding = 4; lastKnownFileType = sourcecode.c.h; path = EXTScope.h; sourceTree = "<group>"; };
		8EFBEB2D1A61D7C000C55B5A /* EXTScope.m */ = {isa = PBXFileReference; fileEncoding = 4; lastKnownFileType = sourcecode.c.objc; path = EXTScope.m; sourceTree = "<group>"; };
		8EFBEB2E1A61D7C000C55B5A /* metamacros.h */ = {isa = PBXFileReference; fileEncoding = 4; lastKnownFileType = sourcecode.c.h; path = metamacros.h; sourceTree = "<group>"; };
		8EFBEB311A61DA3300C55B5A /* ApiRequest.h */ = {isa = PBXFileReference; fileEncoding = 4; lastKnownFileType = sourcecode.c.h; name = ApiRequest.h; path = Requests/ApiRequest.h; sourceTree = "<group>"; };
		8EFBEB321A61DA3300C55B5A /* ApiRequest.m */ = {isa = PBXFileReference; fileEncoding = 4; lastKnownFileType = sourcecode.c.objc; name = ApiRequest.m; path = Requests/ApiRequest.m; sourceTree = "<group>"; };
		8EFBEB341A61DAD200C55B5A /* ApiTimeRequest.h */ = {isa = PBXFileReference; fileEncoding = 4; lastKnownFileType = sourcecode.c.h; name = ApiTimeRequest.h; path = Requests/ApiTimeRequest.h; sourceTree = "<group>"; };
		8EFBEB351A61DAD200C55B5A /* ApiTimeRequest.m */ = {isa = PBXFileReference; fileEncoding = 4; lastKnownFileType = sourcecode.c.objc; name = ApiTimeRequest.m; path = Requests/ApiTimeRequest.m; sourceTree = "<group>"; };
		8EFBEB371A61E1A400C55B5A /* ApiRequest_private.h */ = {isa = PBXFileReference; fileEncoding = 4; lastKnownFileType = sourcecode.c.h; name = ApiRequest_private.h; path = Requests/ApiRequest_private.h; sourceTree = "<group>"; };
		8EFBEB3B1A61EA0100C55B5A /* ApiData_private.h */ = {isa = PBXFileReference; fileEncoding = 4; lastKnownFileType = sourcecode.c.h; path = ApiData_private.h; sourceTree = "<group>"; };
		BC9E9357771EF9FA2651C497 /* Pods-MBTA-RZImportTests.release.xcconfig */ = {isa = PBXFileReference; includeInIndex = 1; lastKnownFileType = text.xcconfig; name = "Pods-MBTA-RZImportTests.release.xcconfig"; path = "Pods/Target Support Files/Pods-MBTA-RZImportTests/Pods-MBTA-RZImportTests.release.xcconfig"; sourceTree = "<group>"; };
		DA36827F956594053F10758F /* Pods-MBTA-RZImportTests.debug.xcconfig */ = {isa = PBXFileReference; includeInIndex = 1; lastKnownFileType = text.xcconfig; name = "Pods-MBTA-RZImportTests.debug.xcconfig"; path = "Pods/Target Support Files/Pods-MBTA-RZImportTests/Pods-MBTA-RZImportTests.debug.xcconfig"; sourceTree = "<group>"; };
		FD3EF6CADF9477001ECDC78C /* libPods-MBTA-RZImportTests.a */ = {isa = PBXFileReference; explicitFileType = archive.ar; includeInIndex = 0; path = "libPods-MBTA-RZImportTests.a"; sourceTree = BUILT_PRODUCTS_DIR; };
/* End PBXFileReference section */

/* Begin PBXFrameworksBuildPhase section */
		8E4BD71F1A61AB1300B51B0B /* Frameworks */ = {
			isa = PBXFrameworksBuildPhase;
			buildActionMask = 2147483647;
			files = (
				8E4BD7281A61AB1300B51B0B /* CoreGraphics.framework in Frameworks */,
				8E4BD72A1A61AB1300B51B0B /* UIKit.framework in Frameworks */,
				8E4BD7261A61AB1300B51B0B /* Foundation.framework in Frameworks */,
				146DB4B75AAC2218E7E62EA3 /* libPods-MBTA-RZImport.a in Frameworks */,
			);
			runOnlyForDeploymentPostprocessing = 0;
		};
		8E4BD7431A61AB1300B51B0B /* Frameworks */ = {
			isa = PBXFrameworksBuildPhase;
			buildActionMask = 2147483647;
			files = (
				8E4BD7481A61AB1300B51B0B /* XCTest.framework in Frameworks */,
				8E4BD74A1A61AB1300B51B0B /* UIKit.framework in Frameworks */,
				8E4BD7491A61AB1300B51B0B /* Foundation.framework in Frameworks */,
				BA3311DC1C101913B65EBF41 /* libPods-MBTA-RZImportTests.a in Frameworks */,
			);
			runOnlyForDeploymentPostprocessing = 0;
		};
/* End PBXFrameworksBuildPhase section */

/* Begin PBXGroup section */
		8E4BD7191A61AB1300B51B0B = {
			isa = PBXGroup;
			children = (
				8EC347271A883B3600DF0323 /* README.md */,
				8EA7A7E61A8852120024027D /* LICENSE */,
				8E9D5E7E1A747B090074281A /* DebugUtil */,
				8EBDE8001A61C861007D37E7 /* Services */,
				8EFBEB2B1A61D7C000C55B5A /* xtras */,
				8E4BD72B1A61AB1300B51B0B /* MBTA-RZImport */,
				8E4BD74D1A61AB1300B51B0B /* MBTA-RZImportTests */,
				8E4BD7241A61AB1300B51B0B /* Frameworks */,
				8E4BD7231A61AB1300B51B0B /* Products */,
				AB70C4E3C00DC0103D765E03 /* Pods */,
			);
			sourceTree = "<group>";
		};
		8E4BD7231A61AB1300B51B0B /* Products */ = {
			isa = PBXGroup;
			children = (
				8E4BD7221A61AB1300B51B0B /* MBTA-RZImport.app */,
				8E4BD7461A61AB1300B51B0B /* MBTA-RZImportTests.xctest */,
			);
			name = Products;
			sourceTree = "<group>";
		};
		8E4BD7241A61AB1300B51B0B /* Frameworks */ = {
			isa = PBXGroup;
			children = (
				8E4BD7251A61AB1300B51B0B /* Foundation.framework */,
				8E4BD7271A61AB1300B51B0B /* CoreGraphics.framework */,
				8E4BD7291A61AB1300B51B0B /* UIKit.framework */,
				8E4BD7471A61AB1300B51B0B /* XCTest.framework */,
				1442565DB20A51B43B0E7105 /* libPods-MBTA-RZImport.a */,
				FD3EF6CADF9477001ECDC78C /* libPods-MBTA-RZImportTests.a */,
			);
			name = Frameworks;
			sourceTree = "<group>";
		};
		8E4BD72B1A61AB1300B51B0B /* MBTA-RZImport */ = {
			isa = PBXGroup;
			children = (
				8E4BD7341A61AB1300B51B0B /* AppDelegate.h */,
				8E4BD7351A61AB1300B51B0B /* AppDelegate.m */,
				8E4BD7371A61AB1300B51B0B /* Main.storyboard */,
				8E4BD73A1A61AB1300B51B0B /* MasterViewController.h */,
				8E4BD73B1A61AB1300B51B0B /* MasterViewController.m */,
				8E4BD73D1A61AB1300B51B0B /* DetailViewController.h */,
				8E4BD73E1A61AB1300B51B0B /* DetailViewController.m */,
				8E4BD7401A61AB1300B51B0B /* Images.xcassets */,
				8E4BD72C1A61AB1300B51B0B /* Supporting Files */,
			);
			path = "MBTA-RZImport";
			sourceTree = "<group>";
		};
		8E4BD72C1A61AB1300B51B0B /* Supporting Files */ = {
			isa = PBXGroup;
			children = (
				8E4BD72D1A61AB1300B51B0B /* MBTA-RZImport-Info.plist */,
				8E4BD72E1A61AB1300B51B0B /* InfoPlist.strings */,
				8E4BD7311A61AB1300B51B0B /* main.m */,
				8E4BD7331A61AB1300B51B0B /* MBTA-RZImport-Prefix.pch */,
			);
			name = "Supporting Files";
			sourceTree = "<group>";
		};
		8E4BD74D1A61AB1300B51B0B /* MBTA-RZImportTests */ = {
			isa = PBXGroup;
			children = (
				8E4BD7531A61AB1300B51B0B /* MBTA_RZImportTests.m */,
				8E4BD74E1A61AB1300B51B0B /* Supporting Files */,
			);
			path = "MBTA-RZImportTests";
			sourceTree = "<group>";
		};
		8E4BD74E1A61AB1300B51B0B /* Supporting Files */ = {
			isa = PBXGroup;
			children = (
				8E4BD74F1A61AB1300B51B0B /* MBTA-RZImportTests-Info.plist */,
				8E4BD7501A61AB1300B51B0B /* InfoPlist.strings */,
			);
			name = "Supporting Files";
			sourceTree = "<group>";
		};
		8E9D5E7E1A747B090074281A /* DebugUtil */ = {
			isa = PBXGroup;
			children = (
				8E6263CD1EB2830E00B374F4 /* Debug_ObjC.h */,
				8E6263CE1EB2830E00B374F4 /* Debug_ObjC.m */,
				8E9D5E831A747B090074281A /* Debug_iOS.h */,
				8E9D5E841A747B090074281A /* Debug_iOS.m */,
				8E9D5E851A747B090074281A /* Debug_JSON.h */,
				8E9D5E861A747B090074281A /* Debug_JSON.m */,
				8E9D5EBF1A747B090074281A /* LICENSE */,
				8E9D5EC01A747B090074281A /* README.md */,
			);
			name = DebugUtil;
			path = ../DebugUtil;
			sourceTree = SOURCE_ROOT;
		};
		8EBDE8001A61C861007D37E7 /* Services */ = {
			isa = PBXGroup;
			children = (
				8EBDE8011A61C861007D37E7 /* MBTA-v2 */,
			);
			path = Services;
			sourceTree = "<group>";
		};
		8EBDE8011A61C861007D37E7 /* MBTA-v2 */ = {
			isa = PBXGroup;
			children = (
				8EFBEB271A61CCDE00C55B5A /* Client */,
				8EBDE8021A61C861007D37E7 /* Data */,
				8EFBEB301A61D9FB00C55B5A /* Requests */,
				8EBDE80C1A61C861007D37E7 /* ServiceMBTA.h */,
				8EBDE80D1A61C861007D37E7 /* ServiceMBTA.m */,
				8EBDE80F1A61C861007D37E7 /* ServiceMBTA_strings.h */,
				8EBDE8101A61C861007D37E7 /* ServiceMBTA_strings.m */,
			);
			path = "MBTA-v2";
			sourceTree = "<group>";
		};
		8EBDE8021A61C861007D37E7 /* Data */ = {
			isa = PBXGroup;
			children = (
				8EBDE8031A61C861007D37E7 /* ApiData.h */,
				8EFBEB3B1A61EA0100C55B5A /* ApiData_private.h */,
				8EBDE8041A61C861007D37E7 /* ApiData.m */,
				8EBDE8051A61C861007D37E7 /* ApiRoutes.h */,
				8EBDE8061A61C861007D37E7 /* ApiRoutes.m */,
				8EBDE8071A61C861007D37E7 /* ApiStops.h */,
				8EBDE8081A61C861007D37E7 /* ApiStops.m */,
				8EBDE8091A61C861007D37E7 /* ApiTime.h */,
				8EBDE80A1A61C861007D37E7 /* ApiTime.m */,
				8EA387031A7DDC90001F010E /* ApiXMLParserDelegate.h */,
				8EA387041A7DDC90001F010E /* ApiXMLParserDelegate.m */,
			);
			path = Data;
			sourceTree = "<group>";
		};
		8EFBEB271A61CCDE00C55B5A /* Client */ = {
			isa = PBXGroup;
			children = (
				8EFBEB281A61CD6500C55B5A /* RequestClient.h */,
				8EFBEB291A61CD6500C55B5A /* RequestClient.m */,
			);
			name = Client;
			sourceTree = "<group>";
		};
		8EFBEB2B1A61D7C000C55B5A /* xtras */ = {
			isa = PBXGroup;
			children = (
				8E57D7A21A854D40002F0C6D /* AFJSONResponseSerializerWithData.h */,
				8E57D7A31A854D40002F0C6D /* AFJSONResponseSerializerWithData.m */,
				8E57D7A51A857A2B002F0C6D /* AFXMLParserResponseSerializerWithData.h */,
				8E57D7A61A857A2B002F0C6D /* AFXMLParserResponseSerializerWithData.m */,
				8EFBEB2C1A61D7C000C55B5A /* EXTScope.h */,
				8EFBEB2D1A61D7C000C55B5A /* EXTScope.m */,
				8EFBEB2E1A61D7C000C55B5A /* metamacros.h */,
			);
			path = xtras;
			sourceTree = "<group>";
		};
		8EFBEB301A61D9FB00C55B5A /* Requests */ = {
			isa = PBXGroup;
			children = (
				8EFBEB311A61DA3300C55B5A /* ApiRequest.h */,
				8EFBEB371A61E1A400C55B5A /* ApiRequest_private.h */,
				8EFBEB321A61DA3300C55B5A /* ApiRequest.m */,
				8EE864F31A6303B5001D3871 /* ApiRoutesRequests.h */,
				8EE864F41A6303B5001D3871 /* ApiRoutesRequests.m */,
				8E3593AE1A8042E800F8704B /* ApiStopsRequests.h */,
				8E3593AF1A8042E800F8704B /* ApiStopsRequests.m */,
				8EFBEB341A61DAD200C55B5A /* ApiTimeRequest.h */,
				8EFBEB351A61DAD200C55B5A /* ApiTimeRequest.m */,
			);
			name = Requests;
			sourceTree = "<group>";
		};
		AB70C4E3C00DC0103D765E03 /* Pods */ = {
			isa = PBXGroup;
			children = (
				50464A2DA2CD9C80E32ED355 /* Pods-MBTA-RZImport.debug.xcconfig */,
				6D439A3C077BED20D8C23A66 /* Pods-MBTA-RZImport.release.xcconfig */,
				DA36827F956594053F10758F /* Pods-MBTA-RZImportTests.debug.xcconfig */,
				BC9E9357771EF9FA2651C497 /* Pods-MBTA-RZImportTests.release.xcconfig */,
			);
			name = Pods;
			sourceTree = "<group>";
		};
/* End PBXGroup section */

/* Begin PBXNativeTarget section */
		8E4BD7211A61AB1300B51B0B /* MBTA-RZImport */ = {
			isa = PBXNativeTarget;
			buildConfigurationList = 8E4BD7571A61AB1300B51B0B /* Build configuration list for PBXNativeTarget "MBTA-RZImport" */;
			buildPhases = (
				B4E22660AF9F90F608AA6EF2 /* [CP] Check Pods Manifest.lock */,
				8E4BD71E1A61AB1300B51B0B /* Sources */,
				8E4BD71F1A61AB1300B51B0B /* Frameworks */,
				8E4BD7201A61AB1300B51B0B /* Resources */,
				0DA6836885FE9407EC81C2CA /* [CP] Embed Pods Frameworks */,
				065BD93A27A674FD6C7B1CE2 /* [CP] Copy Pods Resources */,
			);
			buildRules = (
			);
			dependencies = (
			);
			name = "MBTA-RZImport";
			productName = "MBTA-RZImport";
			productReference = 8E4BD7221A61AB1300B51B0B /* MBTA-RZImport.app */;
			productType = "com.apple.product-type.application";
		};
		8E4BD7451A61AB1300B51B0B /* MBTA-RZImportTests */ = {
			isa = PBXNativeTarget;
			buildConfigurationList = 8E4BD75A1A61AB1300B51B0B /* Build configuration list for PBXNativeTarget "MBTA-RZImportTests" */;
			buildPhases = (
				634B053A5A2E220C6F46B33C /* [CP] Check Pods Manifest.lock */,
				8E4BD7421A61AB1300B51B0B /* Sources */,
				8E4BD7431A61AB1300B51B0B /* Frameworks */,
				8E4BD7441A61AB1300B51B0B /* Resources */,
				2F0F250F1D1C58011AD2E886 /* [CP] Embed Pods Frameworks */,
				86F89A573BEAC99D92269706 /* [CP] Copy Pods Resources */,
			);
			buildRules = (
			);
			dependencies = (
				8E4BD74C1A61AB1300B51B0B /* PBXTargetDependency */,
			);
			name = "MBTA-RZImportTests";
			productName = "MBTA-RZImportTests";
			productReference = 8E4BD7461A61AB1300B51B0B /* MBTA-RZImportTests.xctest */;
			productType = "com.apple.product-type.bundle.unit-test";
		};
/* End PBXNativeTarget section */

/* Begin PBXProject section */
		8E4BD71A1A61AB1300B51B0B /* Project object */ = {
			isa = PBXProject;
			attributes = {
				LastUpgradeCheck = 0730;
				ORGANIZATIONNAME = "Steve Caine";
				TargetAttributes = {
					8E4BD7451A61AB1300B51B0B = {
						TestTargetID = 8E4BD7211A61AB1300B51B0B;
					};
				};
			};
			buildConfigurationList = 8E4BD71D1A61AB1300B51B0B /* Build configuration list for PBXProject "MBTA-RZImport" */;
			compatibilityVersion = "Xcode 3.2";
			developmentRegion = English;
			hasScannedForEncodings = 0;
			knownRegions = (
				en,
				Base,
			);
			mainGroup = 8E4BD7191A61AB1300B51B0B;
			productRefGroup = 8E4BD7231A61AB1300B51B0B /* Products */;
			projectDirPath = "";
			projectRoot = "";
			targets = (
				8E4BD7211A61AB1300B51B0B /* MBTA-RZImport */,
				8E4BD7451A61AB1300B51B0B /* MBTA-RZImportTests */,
			);
		};
/* End PBXProject section */

/* Begin PBXResourcesBuildPhase section */
		8E4BD7201A61AB1300B51B0B /* Resources */ = {
			isa = PBXResourcesBuildPhase;
			buildActionMask = 2147483647;
			files = (
				8E4BD7411A61AB1300B51B0B /* Images.xcassets in Resources */,
				8E4BD7301A61AB1300B51B0B /* InfoPlist.strings in Resources */,
				8E4BD7391A61AB1300B51B0B /* Main.storyboard in Resources */,
			);
			runOnlyForDeploymentPostprocessing = 0;
		};
		8E4BD7441A61AB1300B51B0B /* Resources */ = {
			isa = PBXResourcesBuildPhase;
			buildActionMask = 2147483647;
			files = (
				8E4BD7521A61AB1300B51B0B /* InfoPlist.strings in Resources */,
			);
			runOnlyForDeploymentPostprocessing = 0;
		};
/* End PBXResourcesBuildPhase section */

/* Begin PBXShellScriptBuildPhase section */
		065BD93A27A674FD6C7B1CE2 /* [CP] Copy Pods Resources */ = {
			isa = PBXShellScriptBuildPhase;
			buildActionMask = 2147483647;
			files = (
			);
			inputPaths = (
			);
			name = "[CP] Copy Pods Resources";
			outputPaths = (
			);
			runOnlyForDeploymentPostprocessing = 0;
			shellPath = /bin/sh;
			shellScript = "\"${SRCROOT}/Pods/Target Support Files/Pods-MBTA-RZImport/Pods-MBTA-RZImport-resources.sh\"\n";
			showEnvVarsInLog = 0;
		};
		0DA6836885FE9407EC81C2CA /* [CP] Embed Pods Frameworks */ = {
			isa = PBXShellScriptBuildPhase;
			buildActionMask = 2147483647;
			files = (
			);
			inputPaths = (
			);
			name = "[CP] Embed Pods Frameworks";
			outputPaths = (
			);
			runOnlyForDeploymentPostprocessing = 0;
			shellPath = /bin/sh;
			shellScript = "\"${SRCROOT}/Pods/Target Support Files/Pods-MBTA-RZImport/Pods-MBTA-RZImport-frameworks.sh\"\n";
			showEnvVarsInLog = 0;
		};
		2F0F250F1D1C58011AD2E886 /* [CP] Embed Pods Frameworks */ = {
			isa = PBXShellScriptBuildPhase;
			buildActionMask = 2147483647;
			files = (
			);
			inputPaths = (
			);
			name = "[CP] Embed Pods Frameworks";
			outputPaths = (
			);
			runOnlyForDeploymentPostprocessing = 0;
			shellPath = /bin/sh;
			shellScript = "\"${SRCROOT}/Pods/Target Support Files/Pods-MBTA-RZImportTests/Pods-MBTA-RZImportTests-frameworks.sh\"\n";
			showEnvVarsInLog = 0;
		};
		634B053A5A2E220C6F46B33C /* [CP] Check Pods Manifest.lock */ = {
			isa = PBXShellScriptBuildPhase;
			buildActionMask = 2147483647;
			files = (
			);
			inputPaths = (
			);
			name = "[CP] Check Pods Manifest.lock";
			outputPaths = (
			);
			runOnlyForDeploymentPostprocessing = 0;
			shellPath = /bin/sh;
			shellScript = "diff \"${PODS_ROOT}/../Podfile.lock\" \"${PODS_ROOT}/Manifest.lock\" > /dev/null\nif [[ $? != 0 ]] ; then\n    cat << EOM\nerror: The sandbox is not in sync with the Podfile.lock. Run 'pod install' or update your CocoaPods installation.\nEOM\n    exit 1\nfi\n";
			showEnvVarsInLog = 0;
		};
		86F89A573BEAC99D92269706 /* [CP] Copy Pods Resources */ = {
			isa = PBXShellScriptBuildPhase;
			buildActionMask = 2147483647;
			files = (
			);
			inputPaths = (
			);
			name = "[CP] Copy Pods Resources";
			outputPaths = (
			);
			runOnlyForDeploymentPostprocessing = 0;
			shellPath = /bin/sh;
			shellScript = "\"${SRCROOT}/Pods/Target Support Files/Pods-MBTA-RZImportTests/Pods-MBTA-RZImportTests-resources.sh\"\n";
			showEnvVarsInLog = 0;
		};
		B4E22660AF9F90F608AA6EF2 /* [CP] Check Pods Manifest.lock */ = {
			isa = PBXShellScriptBuildPhase;
			buildActionMask = 2147483647;
			files = (
			);
			inputPaths = (
			);
			name = "[CP] Check Pods Manifest.lock";
			outputPaths = (
			);
			runOnlyForDeploymentPostprocessing = 0;
			shellPath = /bin/sh;
			shellScript = "diff \"${PODS_ROOT}/../Podfile.lock\" \"${PODS_ROOT}/Manifest.lock\" > /dev/null\nif [[ $? != 0 ]] ; then\n    cat << EOM\nerror: The sandbox is not in sync with the Podfile.lock. Run 'pod install' or update your CocoaPods installation.\nEOM\n    exit 1\nfi\n";
			showEnvVarsInLog = 0;
		};
/* End PBXShellScriptBuildPhase section */

/* Begin PBXSourcesBuildPhase section */
		8E4BD71E1A61AB1300B51B0B /* Sources */ = {
			isa = PBXSourcesBuildPhase;
			buildActionMask = 2147483647;
			files = (
				8EBDE8161A61C861007D37E7 /* ServiceMBTA_strings.m in Sources */,
				8E4BD7361A61AB1300B51B0B /* AppDelegate.m in Sources */,
				8E57D7A71A857A2B002F0C6D /* AFXMLParserResponseSerializerWithData.m in Sources */,
				8E9D5EC51A747B090074281A /* Debug_JSON.m in Sources */,
				8EFBEB2A1A61CD6500C55B5A /* RequestClient.m in Sources */,
				8E3593B01A8042E800F8704B /* ApiStopsRequests.m in Sources */,
				8E2EFBDC1A8015E200675A11 /* ApiTimeRequest.m in Sources */,
				8E4BD73C1A61AB1300B51B0B /* MasterViewController.m in Sources */,
				8E4BD7321A61AB1300B51B0B /* main.m in Sources */,
				8E9D5EC41A747B090074281A /* Debug_iOS.m in Sources */,
				8E4BD73F1A61AB1300B51B0B /* DetailViewController.m in Sources */,
				8EBDE8121A61C861007D37E7 /* ApiRoutes.m in Sources */,
				8EFBEB2F1A61D7C000C55B5A /* EXTScope.m in Sources */,
				8E6263CF1EB2830E00B374F4 /* Debug_ObjC.m in Sources */,
				8E57D7A41A854D40002F0C6D /* AFJSONResponseSerializerWithData.m in Sources */,
				8EBDE8141A61C861007D37E7 /* ApiTime.m in Sources */,
				8EBDE8111A61C861007D37E7 /* ApiData.m in Sources */,
				8E2EFBDE1A80160000675A11 /* ApiRequest.m in Sources */,
				8EA387051A7DDC90001F010E /* ApiXMLParserDelegate.m in Sources */,
				8E2EFBDD1A8015F000675A11 /* ApiRoutesRequests.m in Sources */,
				8EBDE8131A61C861007D37E7 /* ApiStops.m in Sources */,
				8EBDE8151A61C861007D37E7 /* ServiceMBTA.m in Sources */,
			);
			runOnlyForDeploymentPostprocessing = 0;
		};
		8E4BD7421A61AB1300B51B0B /* Sources */ = {
			isa = PBXSourcesBuildPhase;
			buildActionMask = 2147483647;
			files = (
				8E4BD7541A61AB1300B51B0B /* MBTA_RZImportTests.m in Sources */,
			);
			runOnlyForDeploymentPostprocessing = 0;
		};
/* End PBXSourcesBuildPhase section */

/* Begin PBXTargetDependency section */
		8E4BD74C1A61AB1300B51B0B /* PBXTargetDependency */ = {
			isa = PBXTargetDependency;
			target = 8E4BD7211A61AB1300B51B0B /* MBTA-RZImport */;
			targetProxy = 8E4BD74B1A61AB1300B51B0B /* PBXContainerItemProxy */;
		};
/* End PBXTargetDependency section */

/* Begin PBXVariantGroup section */
		8E4BD72E1A61AB1300B51B0B /* InfoPlist.strings */ = {
			isa = PBXVariantGroup;
			children = (
				8E4BD72F1A61AB1300B51B0B /* en */,
			);
			name = InfoPlist.strings;
			sourceTree = "<group>";
		};
		8E4BD7371A61AB1300B51B0B /* Main.storyboard */ = {
			isa = PBXVariantGroup;
			children = (
				8E4BD7381A61AB1300B51B0B /* Base */,
			);
			name = Main.storyboard;
			sourceTree = "<group>";
		};
		8E4BD7501A61AB1300B51B0B /* InfoPlist.strings */ = {
			isa = PBXVariantGroup;
			children = (
				8E4BD7511A61AB1300B51B0B /* en */,
			);
			name = InfoPlist.strings;
			sourceTree = "<group>";
		};
/* End PBXVariantGroup section */

/* Begin XCBuildConfiguration section */
		8E4BD7551A61AB1300B51B0B /* Debug */ = {
			isa = XCBuildConfiguration;
			buildSettings = {
				ALWAYS_SEARCH_USER_PATHS = NO;
				CLANG_CXX_LANGUAGE_STANDARD = "gnu++0x";
				CLANG_CXX_LIBRARY = "libc++";
				CLANG_ENABLE_MODULES = YES;
				CLANG_ENABLE_OBJC_ARC = YES;
				CLANG_WARN_BOOL_CONVERSION = YES;
				CLANG_WARN_CONSTANT_CONVERSION = YES;
				CLANG_WARN_DIRECT_OBJC_ISA_USAGE = YES_ERROR;
				CLANG_WARN_EMPTY_BODY = YES;
				CLANG_WARN_ENUM_CONVERSION = YES;
				CLANG_WARN_INT_CONVERSION = YES;
				CLANG_WARN_OBJC_ROOT_CLASS = YES_ERROR;
				CLANG_WARN__DUPLICATE_METHOD_MATCH = YES;
				"CODE_SIGN_IDENTITY[sdk=iphoneos*]" = "iPhone Developer";
				COPY_PHASE_STRIP = NO;
				ENABLE_TESTABILITY = YES;
				GCC_C_LANGUAGE_STANDARD = gnu99;
				GCC_DYNAMIC_NO_PIC = NO;
				GCC_OPTIMIZATION_LEVEL = 0;
				GCC_PREPROCESSOR_DEFINITIONS = (
					"DEBUG=1",
					"$(inherited)",
				);
				GCC_SYMBOLS_PRIVATE_EXTERN = NO;
				GCC_WARN_64_TO_32_BIT_CONVERSION = YES;
				GCC_WARN_ABOUT_RETURN_TYPE = YES_ERROR;
				GCC_WARN_UNDECLARED_SELECTOR = YES;
				GCC_WARN_UNINITIALIZED_AUTOS = YES_AGGRESSIVE;
				GCC_WARN_UNUSED_FUNCTION = YES;
				GCC_WARN_UNUSED_VARIABLE = YES;
				IPHONEOS_DEPLOYMENT_TARGET = 7.1;
				ONLY_ACTIVE_ARCH = YES;
				SDKROOT = iphoneos;
			};
			name = Debug;
		};
		8E4BD7561A61AB1300B51B0B /* Release */ = {
			isa = XCBuildConfiguration;
			buildSettings = {
				ALWAYS_SEARCH_USER_PATHS = NO;
				CLANG_CXX_LANGUAGE_STANDARD = "gnu++0x";
				CLANG_CXX_LIBRARY = "libc++";
				CLANG_ENABLE_MODULES = YES;
				CLANG_ENABLE_OBJC_ARC = YES;
				CLANG_WARN_BOOL_CONVERSION = YES;
				CLANG_WARN_CONSTANT_CONVERSION = YES;
				CLANG_WARN_DIRECT_OBJC_ISA_USAGE = YES_ERROR;
				CLANG_WARN_EMPTY_BODY = YES;
				CLANG_WARN_ENUM_CONVERSION = YES;
				CLANG_WARN_INT_CONVERSION = YES;
				CLANG_WARN_OBJC_ROOT_CLASS = YES_ERROR;
				CLANG_WARN__DUPLICATE_METHOD_MATCH = YES;
				"CODE_SIGN_IDENTITY[sdk=iphoneos*]" = "iPhone Developer";
				COPY_PHASE_STRIP = YES;
				ENABLE_NS_ASSERTIONS = NO;
				GCC_C_LANGUAGE_STANDARD = gnu99;
				GCC_WARN_64_TO_32_BIT_CONVERSION = YES;
				GCC_WARN_ABOUT_RETURN_TYPE = YES_ERROR;
				GCC_WARN_UNDECLARED_SELECTOR = YES;
				GCC_WARN_UNINITIALIZED_AUTOS = YES_AGGRESSIVE;
				GCC_WARN_UNUSED_FUNCTION = YES;
				GCC_WARN_UNUSED_VARIABLE = YES;
				IPHONEOS_DEPLOYMENT_TARGET = 7.1;
				SDKROOT = iphoneos;
				VALIDATE_PRODUCT = YES;
			};
			name = Release;
		};
		8E4BD7581A61AB1300B51B0B /* Debug */ = {
			isa = XCBuildConfiguration;
			baseConfigurationReference = 50464A2DA2CD9C80E32ED355 /* Pods-MBTA-RZImport.debug.xcconfig */;
			buildSettings = {
				ASSETCATALOG_COMPILER_APPICON_NAME = AppIcon;
				ASSETCATALOG_COMPILER_LAUNCHIMAGE_NAME = LaunchImage;
				GCC_PRECOMPILE_PREFIX_HEADER = YES;
				GCC_PREFIX_HEADER = "MBTA-RZImport/MBTA-RZImport-Prefix.pch";
				INFOPLIST_FILE = "MBTA-RZImport/MBTA-RZImport-Info.plist";
				PRODUCT_BUNDLE_IDENTIFIER = "com.SteveCaine.${PRODUCT_NAME:rfc1034identifier}";
				PRODUCT_NAME = "$(TARGET_NAME)";
				WRAPPER_EXTENSION = app;
			};
			name = Debug;
		};
		8E4BD7591A61AB1300B51B0B /* Release */ = {
			isa = XCBuildConfiguration;
			baseConfigurationReference = 6D439A3C077BED20D8C23A66 /* Pods-MBTA-RZImport.release.xcconfig */;
			buildSettings = {
				ASSETCATALOG_COMPILER_APPICON_NAME = AppIcon;
				ASSETCATALOG_COMPILER_LAUNCHIMAGE_NAME = LaunchImage;
				GCC_PRECOMPILE_PREFIX_HEADER = YES;
				GCC_PREFIX_HEADER = "MBTA-RZImport/MBTA-RZImport-Prefix.pch";
				INFOPLIST_FILE = "MBTA-RZImport/MBTA-RZImport-Info.plist";
				PRODUCT_BUNDLE_IDENTIFIER = "com.SteveCaine.${PRODUCT_NAME:rfc1034identifier}";
				PRODUCT_NAME = "$(TARGET_NAME)";
				WRAPPER_EXTENSION = app;
			};
			name = Release;
		};
		8E4BD75B1A61AB1300B51B0B /* Debug */ = {
			isa = XCBuildConfiguration;
			baseConfigurationReference = DA36827F956594053F10758F /* Pods-MBTA-RZImportTests.debug.xcconfig */;
			buildSettings = {
				BUNDLE_LOADER = "$(BUILT_PRODUCTS_DIR)/MBTA-RZImport.app/MBTA-RZImport";
				FRAMEWORK_SEARCH_PATHS = (
					"$(SDKROOT)/Developer/Library/Frameworks",
					"$(inherited)",
					"$(DEVELOPER_FRAMEWORKS_DIR)",
				);
				GCC_PRECOMPILE_PREFIX_HEADER = YES;
				GCC_PREFIX_HEADER = "MBTA-RZImport/MBTA-RZImport-Prefix.pch";
				GCC_PREPROCESSOR_DEFINITIONS = (
					"DEBUG=1",
					"$(inherited)",
				);
				INFOPLIST_FILE = "MBTA-RZImportTests/MBTA-RZImportTests-Info.plist";
				PRODUCT_BUNDLE_IDENTIFIER = "com.SteveCaine.${PRODUCT_NAME:rfc1034identifier}";
				PRODUCT_NAME = "$(TARGET_NAME)";
				TEST_HOST = "$(BUNDLE_LOADER)";
				WRAPPER_EXTENSION = xctest;
			};
			name = Debug;
		};
		8E4BD75C1A61AB1300B51B0B /* Release */ = {
			isa = XCBuildConfiguration;
			baseConfigurationReference = BC9E9357771EF9FA2651C497 /* Pods-MBTA-RZImportTests.release.xcconfig */;
			buildSettings = {
				BUNDLE_LOADER = "$(BUILT_PRODUCTS_DIR)/MBTA-RZImport.app/MBTA-RZImport";
				FRAMEWORK_SEARCH_PATHS = (
					"$(SDKROOT)/Developer/Library/Frameworks",
					"$(inherited)",
					"$(DEVELOPER_FRAMEWORKS_DIR)",
				);
				GCC_PRECOMPILE_PREFIX_HEADER = YES;
				GCC_PREFIX_HEADER = "MBTA-RZImport/MBTA-RZImport-Prefix.pch";
				INFOPLIST_FILE = "MBTA-RZImportTests/MBTA-RZImportTests-Info.plist";
				PRODUCT_BUNDLE_IDENTIFIER = "com.SteveCaine.${PRODUCT_NAME:rfc1034identifier}";
				PRODUCT_NAME = "$(TARGET_NAME)";
				TEST_HOST = "$(BUNDLE_LOADER)";
				WRAPPER_EXTENSION = xctest;
			};
			name = Release;
		};
/* End XCBuildConfiguration section */

/* Begin XCConfigurationList section */
		8E4BD71D1A61AB1300B51B0B /* Build configuration list for PBXProject "MBTA-RZImport" */ = {
			isa = XCConfigurationList;
			buildConfigurations = (
				8E4BD7551A61AB1300B51B0B /* Debug */,
				8E4BD7561A61AB1300B51B0B /* Release */,
			);
			defaultConfigurationIsVisible = 0;
			defaultConfigurationName = Release;
		};
		8E4BD7571A61AB1300B51B0B /* Build configuration list for PBXNativeTarget "MBTA-RZImport" */ = {
			isa = XCConfigurationList;
			buildConfigurations = (
				8E4BD7581A61AB1300B51B0B /* Debug */,
				8E4BD7591A61AB1300B51B0B /* Release */,
			);
			defaultConfigurationIsVisible = 0;
			defaultConfigurationName = Release;
		};
		8E4BD75A1A61AB1300B51B0B /* Build configuration list for PBXNativeTarget "MBTA-RZImportTests" */ = {
			isa = XCConfigurationList;
			buildConfigurations = (
				8E4BD75B1A61AB1300B51B0B /* Debug */,
				8E4BD75C1A61AB1300B51B0B /* Release */,
			);
			defaultConfigurationIsVisible = 0;
			defaultConfigurationName = Release;
		};
/* End XCConfigurationList section */
	};
	rootObject = 8E4BD71A1A61AB1300B51B0B /* Project object */;
}
